
Microsoft Visual Studio Solution File, Format Version 12.00
# Visual Studio Version 17
VisualStudioVersion = 17.1.32421.90
MinimumVisualStudioVersion = 10.0.40219.1
Project("{FAE04EC0-301F-11D3-BF4B-00C04F79EFBC}") = "Pausadidattica", "Pausadidattica\Pausadidattica.csproj", "{71C9CBEB-0D6B-4CD3-BC1A-C9494E83222B}"
EndProject
Global
	GlobalSection(SolutionConfigurationPlatforms) = preSolution
		Debug|Any CPU = Debug|Any CPU
		Release|Any CPU = Release|Any CPU
	EndGlobalSection
	GlobalSection(ProjectConfigurationPlatforms) = postSolution
		{71C9CBEB-0D6B-4CD3-BC1A-C9494E83222B}.Debug|Any CPU.ActiveCfg = Debug|Any CPU
		{71C9CBEB-0D6B-4CD3-BC1A-C9494E83222B}.Debug|Any CPU.Build.0 = Debug|Any CPU
		{71C9CBEB-0D6B-4CD3-BC1A-C9494E83222B}.Release|Any CPU.ActiveCfg = Release|Any CPU
		{71C9CBEB-0D6B-4CD3-BC1A-C9494E83222B}.Release|Any CPU.Build.0 = Release|Any CPU
	EndGlobalSection
	GlobalSection(SolutionProperties) = preSolution
		HideSolutionNode = FALSE
	EndGlobalSection
	GlobalSection(ExtensibilityGlobals) = postSolution
		SolutionGuid = {762F73E9-48B9-448D-B9ED-77BB9C513066}
	EndGlobalSection
EndGlobal
